// !$*UTF8*$!
{
	archiveVersion = 1;
	classes = {
	};
	objectVersion = 48;
	objects = {

/* Begin PBXBuildFile section */
		81685A4F1F8D086A00784EF1 /* SegmentViewController.swift in Sources */ = {isa = PBXBuildFile; fileRef = 81685A4E1F8D086A00784EF1 /* SegmentViewController.swift */; };
		81821CC61F8D12A900AE1D96 /* Translations.swift in Sources */ = {isa = PBXBuildFile; fileRef = 81821CC51F8D12A900AE1D96 /* Translations.swift */; };
		81821CC81F8E080B00AE1D96 /* IBMcalculateViewController.swift in Sources */ = {isa = PBXBuildFile; fileRef = 81821CC71F8E080B00AE1D96 /* IBMcalculateViewController.swift */; };
		81BC6F311F8CB39D00C2B061 /* AppDelegate.swift in Sources */ = {isa = PBXBuildFile; fileRef = 81BC6F301F8CB39D00C2B061 /* AppDelegate.swift */; };
		81BC6F331F8CB39D00C2B061 /* LetSpeakViewController.swift in Sources */ = {isa = PBXBuildFile; fileRef = 81BC6F321F8CB39D00C2B061 /* LetSpeakViewController.swift */; };
		81BC6F361F8CB39D00C2B061 /* Main.storyboard in Resources */ = {isa = PBXBuildFile; fileRef = 81BC6F341F8CB39D00C2B061 /* Main.storyboard */; settings = {ASSET_TAGS = (1, ); }; };
		81BC6F381F8CB39D00C2B061 /* Assets.xcassets in Resources */ = {isa = PBXBuildFile; fileRef = 81BC6F371F8CB39D00C2B061 /* Assets.xcassets */; };
		81BC6F3B1F8CB39D00C2B061 /* LaunchScreen.storyboard in Resources */ = {isa = PBXBuildFile; fileRef = 81BC6F391F8CB39D00C2B061 /* LaunchScreen.storyboard */; };
		81BC6F461F8CB39E00C2B061 /* KataAppTests.swift in Sources */ = {isa = PBXBuildFile; fileRef = 81BC6F451F8CB39E00C2B061 /* KataAppTests.swift */; };
		81BC6F511F8CB39E00C2B061 /* KataAppUITests.swift in Sources */ = {isa = PBXBuildFile; fileRef = 81BC6F501F8CB39E00C2B061 /* KataAppUITests.swift */; };
		81BC6F631F8CC32600C2B061 /* ToNatoViewController.swift in Sources */ = {isa = PBXBuildFile; fileRef = 81BC6F621F8CC32600C2B061 /* ToNatoViewController.swift */; };
		81BC6F651F8CC37C00C2B061 /* DisemVowelViewController.swift in Sources */ = {isa = PBXBuildFile; fileRef = 81BC6F641F8CC37C00C2B061 /* DisemVowelViewController.swift */; };
/* End PBXBuildFile section */

/* Begin PBXContainerItemProxy section */
		81BC6F421F8CB39E00C2B061 /* PBXContainerItemProxy */ = {
			isa = PBXContainerItemProxy;
			containerPortal = 81BC6F251F8CB39D00C2B061 /* Project object */;
			proxyType = 1;
			remoteGlobalIDString = 81BC6F2C1F8CB39D00C2B061;
			remoteInfo = KataApp;
		};
		81BC6F4D1F8CB39E00C2B061 /* PBXContainerItemProxy */ = {
			isa = PBXContainerItemProxy;
			containerPortal = 81BC6F251F8CB39D00C2B061 /* Project object */;
			proxyType = 1;
			remoteGlobalIDString = 81BC6F2C1F8CB39D00C2B061;
			remoteInfo = KataApp;
		};
/* End PBXContainerItemProxy section */

/* Begin PBXFileReference section */
		81685A4E1F8D086A00784EF1 /* SegmentViewController.swift */ = {isa = PBXFileReference; lastKnownFileType = sourcecode.swift; path = SegmentViewController.swift; sourceTree = "<group>"; };
		81821CC51F8D12A900AE1D96 /* Translations.swift */ = {isa = PBXFileReference; lastKnownFileType = sourcecode.swift; path = Translations.swift; sourceTree = "<group>"; };
		81821CC71F8E080B00AE1D96 /* IBMcalculateViewController.swift */ = {isa = PBXFileReference; lastKnownFileType = sourcecode.swift; path = IBMcalculateViewController.swift; sourceTree = "<group>"; };
		81BC6F2D1F8CB39D00C2B061 /* KataApp.app */ = {isa = PBXFileReference; explicitFileType = wrapper.application; includeInIndex = 0; path = KataApp.app; sourceTree = BUILT_PRODUCTS_DIR; };
		81BC6F301F8CB39D00C2B061 /* AppDelegate.swift */ = {isa = PBXFileReference; lastKnownFileType = sourcecode.swift; path = AppDelegate.swift; sourceTree = "<group>"; };
		81BC6F321F8CB39D00C2B061 /* LetSpeakViewController.swift */ = {isa = PBXFileReference; lastKnownFileType = sourcecode.swift; path = LetSpeakViewController.swift; sourceTree = "<group>"; };
		81BC6F351F8CB39D00C2B061 /* Base */ = {isa = PBXFileReference; lastKnownFileType = file.storyboard; name = Base; path = Base.lproj/Main.storyboard; sourceTree = "<group>"; };
		81BC6F371F8CB39D00C2B061 /* Assets.xcassets */ = {isa = PBXFileReference; lastKnownFileType = folder.assetcatalog; path = Assets.xcassets; sourceTree = "<group>"; };
		81BC6F3A1F8CB39D00C2B061 /* Base */ = {isa = PBXFileReference; lastKnownFileType = file.storyboard; name = Base; path = Base.lproj/LaunchScreen.storyboard; sourceTree = "<group>"; };
		81BC6F3C1F8CB39D00C2B061 /* Info.plist */ = {isa = PBXFileReference; lastKnownFileType = text.plist.xml; path = Info.plist; sourceTree = "<group>"; };
		81BC6F411F8CB39E00C2B061 /* KataAppTests.xctest */ = {isa = PBXFileReference; explicitFileType = wrapper.cfbundle; includeInIndex = 0; path = KataAppTests.xctest; sourceTree = BUILT_PRODUCTS_DIR; };
		81BC6F451F8CB39E00C2B061 /* KataAppTests.swift */ = {isa = PBXFileReference; lastKnownFileType = sourcecode.swift; path = KataAppTests.swift; sourceTree = "<group>"; };
		81BC6F471F8CB39E00C2B061 /* Info.plist */ = {isa = PBXFileReference; lastKnownFileType = text.plist.xml; path = Info.plist; sourceTree = "<group>"; };
		81BC6F4C1F8CB39E00C2B061 /* KataAppUITests.xctest */ = {isa = PBXFileReference; explicitFileType = wrapper.cfbundle; includeInIndex = 0; path = KataAppUITests.xctest; sourceTree = BUILT_PRODUCTS_DIR; };
		81BC6F501F8CB39E00C2B061 /* KataAppUITests.swift */ = {isa = PBXFileReference; lastKnownFileType = sourcecode.swift; path = KataAppUITests.swift; sourceTree = "<group>"; };
		81BC6F521F8CB39E00C2B061 /* Info.plist */ = {isa = PBXFileReference; lastKnownFileType = text.plist.xml; path = Info.plist; sourceTree = "<group>"; };
		81BC6F621F8CC32600C2B061 /* ToNatoViewController.swift */ = {isa = PBXFileReference; lastKnownFileType = sourcecode.swift; path = ToNatoViewController.swift; sourceTree = "<group>"; };
		81BC6F641F8CC37C00C2B061 /* DisemVowelViewController.swift */ = {isa = PBXFileReference; lastKnownFileType = sourcecode.swift; path = DisemVowelViewController.swift; sourceTree = "<group>"; };
/* End PBXFileReference section */

/* Begin PBXFrameworksBuildPhase section */
		81BC6F2A1F8CB39D00C2B061 /* Frameworks */ = {
			isa = PBXFrameworksBuildPhase;
			buildActionMask = 2147483647;
			files = (
			);
			runOnlyForDeploymentPostprocessing = 0;
		};
		81BC6F3E1F8CB39E00C2B061 /* Frameworks */ = {
			isa = PBXFrameworksBuildPhase;
			buildActionMask = 2147483647;
			files = (
			);
			runOnlyForDeploymentPostprocessing = 0;
		};
		81BC6F491F8CB39E00C2B061 /* Frameworks */ = {
			isa = PBXFrameworksBuildPhase;
			buildActionMask = 2147483647;
			files = (
			);
			runOnlyForDeploymentPostprocessing = 0;
		};
/* End PBXFrameworksBuildPhase section */

/* Begin PBXGroup section */
		81BC6F241F8CB39D00C2B061 = {
			isa = PBXGroup;
			children = (
				81BC6F2F1F8CB39D00C2B061 /* KataApp */,
				81BC6F441F8CB39E00C2B061 /* KataAppTests */,
				81BC6F4F1F8CB39E00C2B061 /* KataAppUITests */,
				81BC6F2E1F8CB39D00C2B061 /* Products */,
			);
			sourceTree = "<group>";
		};
		81BC6F2E1F8CB39D00C2B061 /* Products */ = {
			isa = PBXGroup;
			children = (
				81BC6F2D1F8CB39D00C2B061 /* KataApp.app */,
				81BC6F411F8CB39E00C2B061 /* KataAppTests.xctest */,
				81BC6F4C1F8CB39E00C2B061 /* KataAppUITests.xctest */,
			);
			name = Products;
			sourceTree = "<group>";
		};
		81BC6F2F1F8CB39D00C2B061 /* KataApp */ = {
			isa = PBXGroup;
			children = (
				81BC6F301F8CB39D00C2B061 /* AppDelegate.swift */,
				81BC6F321F8CB39D00C2B061 /* LetSpeakViewController.swift */,
				81BC6F621F8CC32600C2B061 /* ToNatoViewController.swift */,
				81BC6F341F8CB39D00C2B061 /* Main.storyboard */,
				81821CC71F8E080B00AE1D96 /* IBMcalculateViewController.swift */,
				81BC6F641F8CC37C00C2B061 /* DisemVowelViewController.swift */,
				81685A4E1F8D086A00784EF1 /* SegmentViewController.swift */,
				81821CC51F8D12A900AE1D96 /* Translations.swift */,
				81BC6F371F8CB39D00C2B061 /* Assets.xcassets */,
				81BC6F391F8CB39D00C2B061 /* LaunchScreen.storyboard */,
				81BC6F3C1F8CB39D00C2B061 /* Info.plist */,
			);
			path = KataApp;
			sourceTree = "<group>";
		};
		81BC6F441F8CB39E00C2B061 /* KataAppTests */ = {
			isa = PBXGroup;
			children = (
				81BC6F451F8CB39E00C2B061 /* KataAppTests.swift */,
				81BC6F471F8CB39E00C2B061 /* Info.plist */,
			);
			path = KataAppTests;
			sourceTree = "<group>";
		};
		81BC6F4F1F8CB39E00C2B061 /* KataAppUITests */ = {
			isa = PBXGroup;
			children = (
				81BC6F501F8CB39E00C2B061 /* KataAppUITests.swift */,
				81BC6F521F8CB39E00C2B061 /* Info.plist */,
			);
			path = KataAppUITests;
			sourceTree = "<group>";
		};
/* End PBXGroup section */

/* Begin PBXNativeTarget section */
		81BC6F2C1F8CB39D00C2B061 /* KataApp */ = {
			isa = PBXNativeTarget;
			buildConfigurationList = 81BC6F551F8CB39E00C2B061 /* Build configuration list for PBXNativeTarget "KataApp" */;
			buildPhases = (
				81BC6F291F8CB39D00C2B061 /* Sources */,
				81BC6F2A1F8CB39D00C2B061 /* Frameworks */,
				81BC6F2B1F8CB39D00C2B061 /* Resources */,
			);
			buildRules = (
			);
			dependencies = (
			);
			name = KataApp;
			productName = KataApp;
			productReference = 81BC6F2D1F8CB39D00C2B061 /* KataApp.app */;
			productType = "com.apple.product-type.application";
		};
		81BC6F401F8CB39E00C2B061 /* KataAppTests */ = {
			isa = PBXNativeTarget;
			buildConfigurationList = 81BC6F581F8CB39E00C2B061 /* Build configuration list for PBXNativeTarget "KataAppTests" */;
			buildPhases = (
				81BC6F3D1F8CB39E00C2B061 /* Sources */,
				81BC6F3E1F8CB39E00C2B061 /* Frameworks */,
				81BC6F3F1F8CB39E00C2B061 /* Resources */,
			);
			buildRules = (
			);
			dependencies = (
				81BC6F431F8CB39E00C2B061 /* PBXTargetDependency */,
			);
			name = KataAppTests;
			productName = KataAppTests;
			productReference = 81BC6F411F8CB39E00C2B061 /* KataAppTests.xctest */;
			productType = "com.apple.product-type.bundle.unit-test";
		};
		81BC6F4B1F8CB39E00C2B061 /* KataAppUITests */ = {
			isa = PBXNativeTarget;
			buildConfigurationList = 81BC6F5B1F8CB39E00C2B061 /* Build configuration list for PBXNativeTarget "KataAppUITests" */;
			buildPhases = (
				81BC6F481F8CB39E00C2B061 /* Sources */,
				81BC6F491F8CB39E00C2B061 /* Frameworks */,
				81BC6F4A1F8CB39E00C2B061 /* Resources */,
			);
			buildRules = (
			);
			dependencies = (
				81BC6F4E1F8CB39E00C2B061 /* PBXTargetDependency */,
			);
			name = KataAppUITests;
			productName = KataAppUITests;
			productReference = 81BC6F4C1F8CB39E00C2B061 /* KataAppUITests.xctest */;
			productType = "com.apple.product-type.bundle.ui-testing";
		};
/* End PBXNativeTarget section */

/* Begin PBXProject section */
		81BC6F251F8CB39D00C2B061 /* Project object */ = {
			isa = PBXProject;
			attributes = {
				KnownAssetTags = (
					1,
				);
				LastSwiftUpdateCheck = 0900;
				LastUpgradeCheck = 0900;
				ORGANIZATIONNAME = Trym;
				TargetAttributes = {
					81BC6F2C1F8CB39D00C2B061 = {
						CreatedOnToolsVersion = 9.0;
						ProvisioningStyle = Automatic;
					};
					81BC6F401F8CB39E00C2B061 = {
						CreatedOnToolsVersion = 9.0;
						ProvisioningStyle = Automatic;
						TestTargetID = 81BC6F2C1F8CB39D00C2B061;
					};
					81BC6F4B1F8CB39E00C2B061 = {
						CreatedOnToolsVersion = 9.0;
						ProvisioningStyle = Automatic;
						TestTargetID = 81BC6F2C1F8CB39D00C2B061;
					};
				};
			};
			buildConfigurationList = 81BC6F281F8CB39D00C2B061 /* Build configuration list for PBXProject "KataApp" */;
			compatibilityVersion = "Xcode 8.0";
			developmentRegion = en;
			hasScannedForEncodings = 0;
			knownRegions = (
				en,
				Base,
			);
			mainGroup = 81BC6F241F8CB39D00C2B061;
			productRefGroup = 81BC6F2E1F8CB39D00C2B061 /* Products */;
			projectDirPath = "";
			projectRoot = "";
			targets = (
				81BC6F2C1F8CB39D00C2B061 /* KataApp */,
				81BC6F401F8CB39E00C2B061 /* KataAppTests */,
				81BC6F4B1F8CB39E00C2B061 /* KataAppUITests */,
			);
		};
/* End PBXProject section */

/* Begin PBXResourcesBuildPhase section */
		81BC6F2B1F8CB39D00C2B061 /* Resources */ = {
			isa = PBXResourcesBuildPhase;
			buildActionMask = 2147483647;
			files = (
				81BC6F3B1F8CB39D00C2B061 /* LaunchScreen.storyboard in Resources */,
				81BC6F381F8CB39D00C2B061 /* Assets.xcassets in Resources */,
				81BC6F361F8CB39D00C2B061 /* Main.storyboard in Resources */,
			);
			runOnlyForDeploymentPostprocessing = 0;
		};
		81BC6F3F1F8CB39E00C2B061 /* Resources */ = {
			isa = PBXResourcesBuildPhase;
			buildActionMask = 2147483647;
			files = (
			);
			runOnlyForDeploymentPostprocessing = 0;
		};
		81BC6F4A1F8CB39E00C2B061 /* Resources */ = {
			isa = PBXResourcesBuildPhase;
			buildActionMask = 2147483647;
			files = (
			);
			runOnlyForDeploymentPostprocessing = 0;
		};
/* End PBXResourcesBuildPhase section */

/* Begin PBXSourcesBuildPhase section */
		81BC6F291F8CB39D00C2B061 /* Sources */ = {
			isa = PBXSourcesBuildPhase;
			buildActionMask = 2147483647;
			files = (
				81BC6F631F8CC32600C2B061 /* ToNatoViewController.swift in Sources */,
				81BC6F331F8CB39D00C2B061 /* LetSpeakViewController.swift in Sources */,
				81BC6F311F8CB39D00C2B061 /* AppDelegate.swift in Sources */,
				81821CC61F8D12A900AE1D96 /* Translations.swift in Sources */,
				81BC6F651F8CC37C00C2B061 /* DisemVowelViewController.swift in Sources */,
				81821CC81F8E080B00AE1D96 /* IBMcalculateViewController.swift in Sources */,
				81685A4F1F8D086A00784EF1 /* SegmentViewController.swift in Sources */,
			);
			runOnlyForDeploymentPostprocessing = 0;
		};
		81BC6F3D1F8CB39E00C2B061 /* Sources */ = {
			isa = PBXSourcesBuildPhase;
			buildActionMask = 2147483647;
			files = (
				81BC6F461F8CB39E00C2B061 /* KataAppTests.swift in Sources */,
			);
			runOnlyForDeploymentPostprocessing = 0;
		};
		81BC6F481F8CB39E00C2B061 /* Sources */ = {
			isa = PBXSourcesBuildPhase;
			buildActionMask = 2147483647;
			files = (
				81BC6F511F8CB39E00C2B061 /* KataAppUITests.swift in Sources */,
			);
			runOnlyForDeploymentPostprocessing = 0;
		};
/* End PBXSourcesBuildPhase section */

/* Begin PBXTargetDependency section */
		81BC6F431F8CB39E00C2B061 /* PBXTargetDependency */ = {
			isa = PBXTargetDependency;
			target = 81BC6F2C1F8CB39D00C2B061 /* KataApp */;
			targetProxy = 81BC6F421F8CB39E00C2B061 /* PBXContainerItemProxy */;
		};
		81BC6F4E1F8CB39E00C2B061 /* PBXTargetDependency */ = {
			isa = PBXTargetDependency;
			target = 81BC6F2C1F8CB39D00C2B061 /* KataApp */;
			targetProxy = 81BC6F4D1F8CB39E00C2B061 /* PBXContainerItemProxy */;
		};
/* End PBXTargetDependency section */

/* Begin PBXVariantGroup section */
		81BC6F341F8CB39D00C2B061 /* Main.storyboard */ = {
			isa = PBXVariantGroup;
			children = (
				81BC6F351F8CB39D00C2B061 /* Base */,
			);
			name = Main.storyboard;
			sourceTree = "<group>";
		};
		81BC6F391F8CB39D00C2B061 /* LaunchScreen.storyboard */ = {
			isa = PBXVariantGroup;
			children = (
				81BC6F3A1F8CB39D00C2B061 /* Base */,
			);
			name = LaunchScreen.storyboard;
			sourceTree = "<group>";
		};
/* End PBXVariantGroup section */

/* Begin XCBuildConfiguration section */
		81BC6F531F8CB39E00C2B061 /* Debug */ = {
			isa = XCBuildConfiguration;
			buildSettings = {
				ALWAYS_SEARCH_USER_PATHS = NO;
				CLANG_ANALYZER_NONNULL = YES;
				CLANG_ANALYZER_NUMBER_OBJECT_CONVERSION = YES_AGGRESSIVE;
				CLANG_CXX_LANGUAGE_STANDARD = "gnu++14";
				CLANG_CXX_LIBRARY = "libc++";
				CLANG_ENABLE_MODULES = YES;
				CLANG_ENABLE_OBJC_ARC = YES;
				CLANG_WARN_BLOCK_CAPTURE_AUTORELEASING = YES;
				CLANG_WARN_BOOL_CONVERSION = YES;
				CLANG_WARN_COMMA = YES;
				CLANG_WARN_CONSTANT_CONVERSION = YES;
				CLANG_WARN_DIRECT_OBJC_ISA_USAGE = YES_ERROR;
				CLANG_WARN_DOCUMENTATION_COMMENTS = YES;
				CLANG_WARN_EMPTY_BODY = YES;
				CLANG_WARN_ENUM_CONVERSION = YES;
				CLANG_WARN_INFINITE_RECURSION = YES;
				CLANG_WARN_INT_CONVERSION = YES;
				CLANG_WARN_NON_LITERAL_NULL_CONVERSION = YES;
				CLANG_WARN_OBJC_LITERAL_CONVERSION = YES;
				CLANG_WARN_OBJC_ROOT_CLASS = YES_ERROR;
				CLANG_WARN_RANGE_LOOP_ANALYSIS = YES;
				CLANG_WARN_STRICT_PROTOTYPES = YES;
				CLANG_WARN_SUSPICIOUS_MOVE = YES;
				CLANG_WARN_UNGUARDED_AVAILABILITY = YES_AGGRESSIVE;
				CLANG_WARN_UNREACHABLE_CODE = YES;
				CLANG_WARN__DUPLICATE_METHOD_MATCH = YES;
				CODE_SIGN_IDENTITY = "iPhone Developer";
				COPY_PHASE_STRIP = NO;
				DEBUG_INFORMATION_FORMAT = dwarf;
				ENABLE_STRICT_OBJC_MSGSEND = YES;
				ENABLE_TESTABILITY = YES;
				GCC_C_LANGUAGE_STANDARD = gnu11;
				GCC_DYNAMIC_NO_PIC = NO;
				GCC_NO_COMMON_BLOCKS = YES;
				GCC_OPTIMIZATION_LEVEL = 0;
				GCC_PREPROCESSOR_DEFINITIONS = (
					"DEBUG=1",
					"$(inherited)",
				);
				GCC_WARN_64_TO_32_BIT_CONVERSION = YES;
				GCC_WARN_ABOUT_RETURN_TYPE = YES_ERROR;
				GCC_WARN_UNDECLARED_SELECTOR = YES;
				GCC_WARN_UNINITIALIZED_AUTOS = YES_AGGRESSIVE;
				GCC_WARN_UNUSED_FUNCTION = YES;
				GCC_WARN_UNUSED_VARIABLE = YES;
				IPHONEOS_DEPLOYMENT_TARGET = 11.0;
				MTL_ENABLE_DEBUG_INFO = YES;
				ONLY_ACTIVE_ARCH = YES;
				SDKROOT = iphoneos;
				SWIFT_ACTIVE_COMPILATION_CONDITIONS = DEBUG;
				SWIFT_OPTIMIZATION_LEVEL = "-Onone";
			};
			name = Debug;
		};
		81BC6F541F8CB39E00C2B061 /* Release */ = {
			isa = XCBuildConfiguration;
			buildSettings = {
				ALWAYS_SEARCH_USER_PATHS = NO;
				CLANG_ANALYZER_NONNULL = YES;
				CLANG_ANALYZER_NUMBER_OBJECT_CONVERSION = YES_AGGRESSIVE;
				CLANG_CXX_LANGUAGE_STANDARD = "gnu++14";
				CLANG_CXX_LIBRARY = "libc++";
				CLANG_ENABLE_MODULES = YES;
				CLANG_ENABLE_OBJC_ARC = YES;
				CLANG_WARN_BLOCK_CAPTURE_AUTORELEASING = YES;
				CLANG_WARN_BOOL_CONVERSION = YES;
				CLANG_WARN_COMMA = YES;
				CLANG_WARN_CONSTANT_CONVERSION = YES;
				CLANG_WARN_DIRECT_OBJC_ISA_USAGE = YES_ERROR;
				CLANG_WARN_DOCUMENTATION_COMMENTS = YES;
				CLANG_WARN_EMPTY_BODY = YES;
				CLANG_WARN_ENUM_CONVERSION = YES;
				CLANG_WARN_INFINITE_RECURSION = YES;
				CLANG_WARN_INT_CONVERSION = YES;
				CLANG_WARN_NON_LITERAL_NULL_CONVERSION = YES;
				CLANG_WARN_OBJC_LITERAL_CONVERSION = YES;
				CLANG_WARN_OBJC_ROOT_CLASS = YES_ERROR;
				CLANG_WARN_RANGE_LOOP_ANALYSIS = YES;
				CLANG_WARN_STRICT_PROTOTYPES = YES;
				CLANG_WARN_SUSPICIOUS_MOVE = YES;
				CLANG_WARN_UNGUARDED_AVAILABILITY = YES_AGGRESSIVE;
				CLANG_WARN_UNREACHABLE_CODE = YES;
				CLANG_WARN__DUPLICATE_METHOD_MATCH = YES;
				CODE_SIGN_IDENTITY = "iPhone Developer";
				COPY_PHASE_STRIP = NO;
				DEBUG_INFORMATION_FORMAT = "dwarf-with-dsym";
				ENABLE_NS_ASSERTIONS = NO;
				ENABLE_STRICT_OBJC_MSGSEND = YES;
				GCC_C_LANGUAGE_STANDARD = gnu11;
				GCC_NO_COMMON_BLOCKS = YES;
				GCC_WARN_64_TO_32_BIT_CONVERSION = YES;
				GCC_WARN_ABOUT_RETURN_TYPE = YES_ERROR;
				GCC_WARN_UNDECLARED_SELECTOR = YES;
				GCC_WARN_UNINITIALIZED_AUTOS = YES_AGGRESSIVE;
				GCC_WARN_UNUSED_FUNCTION = YES;
				GCC_WARN_UNUSED_VARIABLE = YES;
				IPHONEOS_DEPLOYMENT_TARGET = 11.0;
				MTL_ENABLE_DEBUG_INFO = NO;
				SDKROOT = iphoneos;
				SWIFT_OPTIMIZATION_LEVEL = "-Owholemodule";
				VALIDATE_PRODUCT = YES;
			};
			name = Release;
		};
		81BC6F561F8CB39E00C2B061 /* Debug */ = {
			isa = XCBuildConfiguration;
			buildSettings = {
				ASSETCATALOG_COMPILER_APPICON_NAME = AppIcon;
				CODE_SIGN_STYLE = Automatic;
				DEVELOPMENT_TEAM = R27PQ6L3EN;
				INFOPLIST_FILE = KataApp/Info.plist;
				LD_RUNPATH_SEARCH_PATHS = "$(inherited) @executable_path/Frameworks";
				PRODUCT_BUNDLE_IDENTIFIER = com.trymlintzen.app.KataApp;
				PRODUCT_NAME = "$(TARGET_NAME)";
				SWIFT_VERSION = 4.0;
				TARGETED_DEVICE_FAMILY = "1,2";
			};
			name = Debug;
		};
		81BC6F571F8CB39E00C2B061 /* Release */ = {
			isa = XCBuildConfiguration;
			buildSettings = {
				ASSETCATALOG_COMPILER_APPICON_NAME = AppIcon;
				CODE_SIGN_STYLE = Automatic;
				DEVELOPMENT_TEAM = R27PQ6L3EN;
				INFOPLIST_FILE = KataApp/Info.plist;
				LD_RUNPATH_SEARCH_PATHS = "$(inherited) @executable_path/Frameworks";
				PRODUCT_BUNDLE_IDENTIFIER = com.trymlintzen.app.KataApp;
				PRODUCT_NAME = "$(TARGET_NAME)";
				SWIFT_VERSION = 4.0;
				TARGETED_DEVICE_FAMILY = "1,2";
			};
			name = Release;
		};
		81BC6F591F8CB39E00C2B061 /* Debug */ = {
			isa = XCBuildConfiguration;
			buildSettings = {
				ALWAYS_EMBED_SWIFT_STANDARD_LIBRARIES = YES;
				BUNDLE_LOADER = "$(TEST_HOST)";
				CODE_SIGN_STYLE = Automatic;
				DEVELOPMENT_TEAM = R27PQ6L3EN;
				INFOPLIST_FILE = KataAppTests/Info.plist;
				LD_RUNPATH_SEARCH_PATHS = "$(inherited) @executable_path/Frameworks @loader_path/Frameworks";
				PRODUCT_BUNDLE_IDENTIFIER = com.trymlintzen.app.KataAppTests;
				PRODUCT_NAME = "$(TARGET_NAME)";
				SWIFT_VERSION = 4.0;
				TARGETED_DEVICE_FAMILY = "1,2";
				TEST_HOST = "$(BUILT_PRODUCTS_DIR)/KataApp.app/KataApp";
			};
			name = Debug;
		};
		81BC6F5A1F8CB39E00C2B061 /* Release */ = {
			isa = XCBuildConfiguration;
			buildSettings = {
				ALWAYS_EMBED_SWIFT_STANDARD_LIBRARIES = YES;
				BUNDLE_LOADER = "$(TEST_HOST)";
				CODE_SIGN_STYLE = Automatic;
				DEVELOPMENT_TEAM = R27PQ6L3EN;
				INFOPLIST_FILE = KataAppTests/Info.plist;
				LD_RUNPATH_SEARCH_PATHS = "$(inherited) @executable_path/Frameworks @loader_path/Frameworks";
				PRODUCT_BUNDLE_IDENTIFIER = com.trymlintzen.app.KataAppTests;
				PRODUCT_NAME = "$(TARGET_NAME)";
				SWIFT_VERSION = 4.0;
				TARGETED_DEVICE_FAMILY = "1,2";
				TEST_HOST = "$(BUILT_PRODUCTS_DIR)/KataApp.app/KataApp";
			};
			name = Release;
		};
		81BC6F5C1F8CB39E00C2B061 /* Debug */ = {
			isa = XCBuildConfiguration;
			buildSettings = {
				ALWAYS_EMBED_SWIFT_STANDARD_LIBRARIES = YES;
				CODE_SIGN_STYLE = Automatic;
				DEVELOPMENT_TEAM = R27PQ6L3EN;
				INFOPLIST_FILE = KataAppUITests/Info.plist;
				LD_RUNPATH_SEARCH_PATHS = "$(inherited) @executable_path/Frameworks @loader_path/Frameworks";
				PRODUCT_BUNDLE_IDENTIFIER = com.trymlintzen.app.KataAppUITests;
				PRODUCT_NAME = "$(TARGET_NAME)";
				SWIFT_VERSION = 4.0;
				TARGETED_DEVICE_FAMILY = "1,2";
				TEST_TARGET_NAME = KataApp;
			};
			name = Debug;
		};
		81BC6F5D1F8CB39E00C2B061 /* Release */ = {
			isa = XCBuildConfiguration;
			buildSettings = {
				ALWAYS_EMBED_SWIFT_STANDARD_LIBRARIES = YES;
				CODE_SIGN_STYLE = Automatic;
				DEVELOPMENT_TEAM = R27PQ6L3EN;
				INFOPLIST_FILE = KataAppUITests/Info.plist;
				LD_RUNPATH_SEARCH_PATHS = "$(inherited) @executable_path/Frameworks @loader_path/Frameworks";
				PRODUCT_BUNDLE_IDENTIFIER = com.trymlintzen.app.KataAppUITests;
				PRODUCT_NAME = "$(TARGET_NAME)";
				SWIFT_VERSION = 4.0;
				TARGETED_DEVICE_FAMILY = "1,2";
				TEST_TARGET_NAME = KataApp;
			};
			name = Release;
		};
/* End XCBuildConfiguration section */

/* Begin XCConfigurationList section */
		81BC6F281F8CB39D00C2B061 /* Build configuration list for PBXProject "KataApp" */ = {
			isa = XCConfigurationList;
			buildConfigurations = (
				81BC6F531F8CB39E00C2B061 /* Debug */,
				81BC6F541F8CB39E00C2B061 /* Release */,
			);
			defaultConfigurationIsVisible = 0;
			defaultConfigurationName = Release;
		};
		81BC6F551F8CB39E00C2B061 /* Build configuration list for PBXNativeTarget "KataApp" */ = {
			isa = XCConfigurationList;
			buildConfigurations = (
				81BC6F561F8CB39E00C2B061 /* Debug */,
				81BC6F571F8CB39E00C2B061 /* Release */,
			);
			defaultConfigurationIsVisible = 0;
			defaultConfigurationName = Release;
		};
		81BC6F581F8CB39E00C2B061 /* Build configuration list for PBXNativeTarget "KataAppTests" */ = {
			isa = XCConfigurationList;
			buildConfigurations = (
				81BC6F591F8CB39E00C2B061 /* Debug */,
				81BC6F5A1F8CB39E00C2B061 /* Release */,
			);
			defaultConfigurationIsVisible = 0;
			defaultConfigurationName = Release;
		};
		81BC6F5B1F8CB39E00C2B061 /* Build configuration list for PBXNativeTarget "KataAppUITests" */ = {
			isa = XCConfigurationList;
			buildConfigurations = (
				81BC6F5C1F8CB39E00C2B061 /* Debug */,
				81BC6F5D1F8CB39E00C2B061 /* Release */,
			);
			defaultConfigurationIsVisible = 0;
			defaultConfigurationName = Release;
		};
/* End XCConfigurationList section */
	};
	rootObject = 81BC6F251F8CB39D00C2B061 /* Project object */;
}
